
Microsoft Visual Studio Solution File, Format Version 12.00
# Visual Studio Version 16
VisualStudioVersion = 16.0.30002.166
MinimumVisualStudioVersion = 10.0.40219.1
Project("{FAE04EC0-301F-11D3-BF4B-00C04F79EFBC}") = "eShopSolution.WebApp", "eShopSolution.WebApp\eShopSolution.WebApp.csproj", "{EE5FA253-41FB-47A6-9D16-0187D4FEDE0C}"
EndProject
Global
	GlobalSection(SolutionConfigurationPlatforms) = preSolution
		Debug|Any CPU = Debug|Any CPU
		Release|Any CPU = Release|Any CPU
	EndGlobalSection
	GlobalSection(ProjectConfigurationPlatforms) = postSolution
		{EE5FA253-41FB-47A6-9D16-0187D4FEDE0C}.Debug|Any CPU.ActiveCfg = Debug|Any CPU
		{EE5FA253-41FB-47A6-9D16-0187D4FEDE0C}.Debug|Any CPU.Build.0 = Debug|Any CPU
		{EE5FA253-41FB-47A6-9D16-0187D4FEDE0C}.Release|Any CPU.ActiveCfg = Release|Any CPU
		{EE5FA253-41FB-47A6-9D16-0187D4FEDE0C}.Release|Any CPU.Build.0 = Release|Any CPU
	EndGlobalSection
	GlobalSection(SolutionProperties) = preSolution
		HideSolutionNode = FALSE
	EndGlobalSection
	GlobalSection(ExtensibilityGlobals) = postSolution
		SolutionGuid = {837C2058-B72F-4177-8C55-C3802E084E86}
	EndGlobalSection
EndGlobal
